
Microsoft Visual Studio Solution File, Format Version 12.00
# Visual Studio Version 16
VisualStudioVersion = 16.0.29306.81
MinimumVisualStudioVersion = 10.0.40219.1
Project("{FAE04EC0-301F-11D3-BF4B-00C04F79EFBC}") = "StringsClassDemos", "StringsClassDemos\StringsClassDemos.csproj", "{62CB062C-4ED8-467E-886C-638D3CB6D748}"
EndProject
Global
	GlobalSection(SolutionConfigurationPlatforms) = preSolution
		Debug|Any CPU = Debug|Any CPU
		Release|Any CPU = Release|Any CPU
	EndGlobalSection
	GlobalSection(ProjectConfigurationPlatforms) = postSolution
		{62CB062C-4ED8-467E-886C-638D3CB6D748}.Debug|Any CPU.ActiveCfg = Debug|Any CPU
		{62CB062C-4ED8-467E-886C-638D3CB6D748}.Debug|Any CPU.Build.0 = Debug|Any CPU
		{62CB062C-4ED8-467E-886C-638D3CB6D748}.Release|Any CPU.ActiveCfg = Release|Any CPU
		{62CB062C-4ED8-467E-886C-638D3CB6D748}.Release|Any CPU.Build.0 = Release|Any CPU
	EndGlobalSection
	GlobalSection(SolutionProperties) = preSolution
		HideSolutionNode = FALSE
	EndGlobalSection
	GlobalSection(ExtensibilityGlobals) = postSolution
		SolutionGuid = {141CFB9F-8D60-4798-9A45-BA1CFE1D2499}
	EndGlobalSection
EndGlobal
